
Microsoft Visual Studio Solution File, Format Version 12.00
# Visual Studio Version 16
VisualStudioVersion = 16.0.30104.148
MinimumVisualStudioVersion = 10.0.40219.1
Project("{FAE04EC0-301F-11D3-BF4B-00C04F79EFBC}") = "MSterczewski_Git", "MSterczewski_Git\MSterczewski_Git.csproj", "{864013E1-4D9C-47C0-B72D-3F34E963A685}"
EndProject
Project("{FAE04EC0-301F-11D3-BF4B-00C04F79EFBC}") = "TestProjekty", "TestProjekty\TestProjekty.csproj", "{FDB0C369-C6CF-4B69-9976-74249DB25F2B}"
EndProject
Global
	GlobalSection(SolutionConfigurationPlatforms) = preSolution
		Debug|Any CPU = Debug|Any CPU
		Release|Any CPU = Release|Any CPU
	EndGlobalSection
	GlobalSection(ProjectConfigurationPlatforms) = postSolution
		{864013E1-4D9C-47C0-B72D-3F34E963A685}.Debug|Any CPU.ActiveCfg = Debug|Any CPU
		{864013E1-4D9C-47C0-B72D-3F34E963A685}.Debug|Any CPU.Build.0 = Debug|Any CPU
		{864013E1-4D9C-47C0-B72D-3F34E963A685}.Release|Any CPU.ActiveCfg = Release|Any CPU
		{864013E1-4D9C-47C0-B72D-3F34E963A685}.Release|Any CPU.Build.0 = Release|Any CPU
		{FDB0C369-C6CF-4B69-9976-74249DB25F2B}.Debug|Any CPU.ActiveCfg = Debug|Any CPU
		{FDB0C369-C6CF-4B69-9976-74249DB25F2B}.Debug|Any CPU.Build.0 = Debug|Any CPU
		{FDB0C369-C6CF-4B69-9976-74249DB25F2B}.Release|Any CPU.ActiveCfg = Release|Any CPU
		{FDB0C369-C6CF-4B69-9976-74249DB25F2B}.Release|Any CPU.Build.0 = Release|Any CPU
	EndGlobalSection
	GlobalSection(SolutionProperties) = preSolution
		HideSolutionNode = FALSE
	EndGlobalSection
	GlobalSection(ExtensibilityGlobals) = postSolution
		SolutionGuid = {9BFE9AE3-43D7-41FB-BDDD-334F9658E9FF}
	EndGlobalSection
EndGlobal
